// !$*UTF8*$!
{
	archiveVersion = 1;
	classes = {
	};
	objectVersion = 55;
	objects = {

/* Begin PBXBuildFile section */
		05D2DA7E205950F93D70942F /* Pods_RecipleaseTests.framework in Frameworks */ = {isa = PBXBuildFile; fileRef = 92DC032918BBC11FEF7A1DD7 /* Pods_RecipleaseTests.framework */; };
		1107E64094AC584BA7508949 /* Pods_Reciplease.framework in Frameworks */ = {isa = PBXBuildFile; fileRef = 4FB6075BED6BAF26C9BB9B75 /* Pods_Reciplease.framework */; };
		494F021D276A16320038B622 /* DatabaseServiceTests.swift in Sources */ = {isa = PBXBuildFile; fileRef = 494F021C276A16320038B622 /* DatabaseServiceTests.swift */; };
		494F021F276A166C0038B622 /* NetworkServiceTests.swift in Sources */ = {isa = PBXBuildFile; fileRef = 494F021E276A166C0038B622 /* NetworkServiceTests.swift */; };
		494F0221276A16A20038B622 /* URLProtocolMock.swift in Sources */ = {isa = PBXBuildFile; fileRef = 494F0220276A16A20038B622 /* URLProtocolMock.swift */; };
		494F0225276A17110038B622 /* FakeResponseData.swift in Sources */ = {isa = PBXBuildFile; fileRef = 494F0224276A17110038B622 /* FakeResponseData.swift */; };
		4996C71C27745B4A004E4F2B /* Config.swift in Sources */ = {isa = PBXBuildFile; fileRef = 4996C71B27745B4A004E4F2B /* Config.swift */; };
		4996C71F27745CA0004E4F2B /* Reciplease_Project.xcdatamodeld in Sources */ = {isa = PBXBuildFile; fileRef = 4996C71D27745CA0004E4F2B /* Reciplease_Project.xcdatamodeld */; };
		4996C72127745D0A004E4F2B /* DetailViewController.swift in Sources */ = {isa = PBXBuildFile; fileRef = 4996C72027745D0A004E4F2B /* DetailViewController.swift */; };
		4996C72327745D32004E4F2B /* HomeViewController.swift in Sources */ = {isa = PBXBuildFile; fileRef = 4996C72227745D32004E4F2B /* HomeViewController.swift */; };
		4996C72527745D4C004E4F2B /* RecipesListViewController.swift in Sources */ = {isa = PBXBuildFile; fileRef = 4996C72427745D4C004E4F2B /* RecipesListViewController.swift */; };
		4996C72727745D81004E4F2B /* StringExtension.swift in Sources */ = {isa = PBXBuildFile; fileRef = 4996C72627745D81004E4F2B /* StringExtension.swift */; };
		4996C72927745DAA004E4F2B /* UIViewControllerExtension.swift in Sources */ = {isa = PBXBuildFile; fileRef = 4996C72827745DAA004E4F2B /* UIViewControllerExtension.swift */; };
		4996C72C27745DEC004E4F2B /* RecipeCell.swift in Sources */ = {isa = PBXBuildFile; fileRef = 4996C72B27745DEC004E4F2B /* RecipeCell.swift */; };
		4996C72E27745E12004E4F2B /* RecipeInfoView.swift in Sources */ = {isa = PBXBuildFile; fileRef = 4996C72D27745E12004E4F2B /* RecipeInfoView.swift */; };
		4996C73027745E3F004E4F2B /* StateView.swift in Sources */ = {isa = PBXBuildFile; fileRef = 4996C72F27745E3F004E4F2B /* StateView.swift */; };
		4996C73227745E69004E4F2B /* Constants.swift in Sources */ = {isa = PBXBuildFile; fileRef = 4996C73127745E69004E4F2B /* Constants.swift */; };
		4996C73427745F20004E4F2B /* Recipes.json in Resources */ = {isa = PBXBuildFile; fileRef = 4996C73327745F20004E4F2B /* Recipes.json */; };
		49B84B892759088900465CAE /* AppDelegate.swift in Sources */ = {isa = PBXBuildFile; fileRef = 49B84B882759088900465CAE /* AppDelegate.swift */; };
		49B84B8B2759088900465CAE /* SceneDelegate.swift in Sources */ = {isa = PBXBuildFile; fileRef = 49B84B8A2759088900465CAE /* SceneDelegate.swift */; };
		49B84B902759088900465CAE /* Main.storyboard in Resources */ = {isa = PBXBuildFile; fileRef = 49B84B8E2759088900465CAE /* Main.storyboard */; };
		49B84B922759088A00465CAE /* Assets.xcassets in Resources */ = {isa = PBXBuildFile; fileRef = 49B84B912759088A00465CAE /* Assets.xcassets */; };
		49B84B952759088A00465CAE /* LaunchScreen.storyboard in Resources */ = {isa = PBXBuildFile; fileRef = 49B84B932759088A00465CAE /* LaunchScreen.storyboard */; };
		49B84BA72759098400465CAE /* FakeData.swift in Sources */ = {isa = PBXBuildFile; fileRef = 49B84BA62759098400465CAE /* FakeData.swift */; };
		49C0D7AC2770D5860034CD78 /* Reciplease.swift in Sources */ = {isa = PBXBuildFile; fileRef = 49C0D7AB2770D5860034CD78 /* Reciplease.swift */; };
		49C0D7B12770D5C30034CD78 /* DatabaseService.swift in Sources */ = {isa = PBXBuildFile; fileRef = 49C0D7B02770D5C30034CD78 /* DatabaseService.swift */; };
		49C0D7B32770D5F60034CD78 /* NetworkServiceRecipe.swift in Sources */ = {isa = PBXBuildFile; fileRef = 49C0D7B22770D5F60034CD78 /* NetworkServiceRecipe.swift */; };
/* End PBXBuildFile section */

/* Begin PBXContainerItemProxy section */
		49B84BA82759098400465CAE /* PBXContainerItemProxy */ = {
			isa = PBXContainerItemProxy;
			containerPortal = 49B84B7D2759088900465CAE /* Project object */;
			proxyType = 1;
			remoteGlobalIDString = 49B84B842759088900465CAE;
			remoteInfo = Reciplease;
		};
/* End PBXContainerItemProxy section */

/* Begin PBXFileReference section */
		494F021C276A16320038B622 /* DatabaseServiceTests.swift */ = {isa = PBXFileReference; lastKnownFileType = sourcecode.swift; path = DatabaseServiceTests.swift; sourceTree = "<group>"; };
		494F021E276A166C0038B622 /* NetworkServiceTests.swift */ = {isa = PBXFileReference; lastKnownFileType = sourcecode.swift; path = NetworkServiceTests.swift; sourceTree = "<group>"; };
		494F0220276A16A20038B622 /* URLProtocolMock.swift */ = {isa = PBXFileReference; lastKnownFileType = sourcecode.swift; path = URLProtocolMock.swift; sourceTree = "<group>"; };
		494F0224276A17110038B622 /* FakeResponseData.swift */ = {isa = PBXFileReference; lastKnownFileType = sourcecode.swift; path = FakeResponseData.swift; sourceTree = "<group>"; };
		4996C71B27745B4A004E4F2B /* Config.swift */ = {isa = PBXFileReference; lastKnownFileType = sourcecode.swift; path = Config.swift; sourceTree = "<group>"; };
		4996C71E27745CA0004E4F2B /* Reciplease_Project.xcdatamodel */ = {isa = PBXFileReference; lastKnownFileType = wrapper.xcdatamodel; path = Reciplease_Project.xcdatamodel; sourceTree = "<group>"; };
		4996C72027745D0A004E4F2B /* DetailViewController.swift */ = {isa = PBXFileReference; lastKnownFileType = sourcecode.swift; path = DetailViewController.swift; sourceTree = "<group>"; };
		4996C72227745D32004E4F2B /* HomeViewController.swift */ = {isa = PBXFileReference; lastKnownFileType = sourcecode.swift; path = HomeViewController.swift; sourceTree = "<group>"; };
		4996C72427745D4C004E4F2B /* RecipesListViewController.swift */ = {isa = PBXFileReference; lastKnownFileType = sourcecode.swift; path = RecipesListViewController.swift; sourceTree = "<group>"; };
		4996C72627745D81004E4F2B /* StringExtension.swift */ = {isa = PBXFileReference; lastKnownFileType = sourcecode.swift; path = StringExtension.swift; sourceTree = "<group>"; };
		4996C72827745DAA004E4F2B /* UIViewControllerExtension.swift */ = {isa = PBXFileReference; lastKnownFileType = sourcecode.swift; path = UIViewControllerExtension.swift; sourceTree = "<group>"; };
		4996C72B27745DEC004E4F2B /* RecipeCell.swift */ = {isa = PBXFileReference; lastKnownFileType = sourcecode.swift; path = RecipeCell.swift; sourceTree = "<group>"; };
		4996C72D27745E12004E4F2B /* RecipeInfoView.swift */ = {isa = PBXFileReference; lastKnownFileType = sourcecode.swift; path = RecipeInfoView.swift; sourceTree = "<group>"; };
		4996C72F27745E3F004E4F2B /* StateView.swift */ = {isa = PBXFileReference; lastKnownFileType = sourcecode.swift; path = StateView.swift; sourceTree = "<group>"; };
		4996C73127745E69004E4F2B /* Constants.swift */ = {isa = PBXFileReference; lastKnownFileType = sourcecode.swift; path = Constants.swift; sourceTree = "<group>"; };
		4996C73327745F20004E4F2B /* Recipes.json */ = {isa = PBXFileReference; fileEncoding = 4; lastKnownFileType = text.json; path = Recipes.json; sourceTree = "<group>"; };
		49B84B852759088900465CAE /* Reciplease.app */ = {isa = PBXFileReference; explicitFileType = wrapper.application; includeInIndex = 0; path = Reciplease.app; sourceTree = BUILT_PRODUCTS_DIR; };
		49B84B882759088900465CAE /* AppDelegate.swift */ = {isa = PBXFileReference; lastKnownFileType = sourcecode.swift; path = AppDelegate.swift; sourceTree = "<group>"; };
		49B84B8A2759088900465CAE /* SceneDelegate.swift */ = {isa = PBXFileReference; lastKnownFileType = sourcecode.swift; path = SceneDelegate.swift; sourceTree = "<group>"; };
		49B84B8F2759088900465CAE /* Base */ = {isa = PBXFileReference; lastKnownFileType = file.storyboard; name = Base; path = Base.lproj/Main.storyboard; sourceTree = "<group>"; };
		49B84B912759088A00465CAE /* Assets.xcassets */ = {isa = PBXFileReference; lastKnownFileType = folder.assetcatalog; path = Assets.xcassets; sourceTree = "<group>"; };
		49B84B942759088A00465CAE /* Base */ = {isa = PBXFileReference; lastKnownFileType = file.storyboard; name = Base; path = Base.lproj/LaunchScreen.storyboard; sourceTree = "<group>"; };
		49B84B962759088A00465CAE /* Info.plist */ = {isa = PBXFileReference; lastKnownFileType = text.plist.xml; path = Info.plist; sourceTree = "<group>"; };
		49B84BA42759098400465CAE /* RecipleaseTests.xctest */ = {isa = PBXFileReference; explicitFileType = wrapper.cfbundle; includeInIndex = 0; path = RecipleaseTests.xctest; sourceTree = BUILT_PRODUCTS_DIR; };
		49B84BA62759098400465CAE /* FakeData.swift */ = {isa = PBXFileReference; lastKnownFileType = sourcecode.swift; path = FakeData.swift; sourceTree = "<group>"; };
		49C0D7AB2770D5860034CD78 /* Reciplease.swift */ = {isa = PBXFileReference; lastKnownFileType = sourcecode.swift; path = Reciplease.swift; sourceTree = "<group>"; };
		49C0D7B02770D5C30034CD78 /* DatabaseService.swift */ = {isa = PBXFileReference; lastKnownFileType = sourcecode.swift; path = DatabaseService.swift; sourceTree = "<group>"; };
		49C0D7B22770D5F60034CD78 /* NetworkServiceRecipe.swift */ = {isa = PBXFileReference; lastKnownFileType = sourcecode.swift; path = NetworkServiceRecipe.swift; sourceTree = "<group>"; };
		4FB6075BED6BAF26C9BB9B75 /* Pods_Reciplease.framework */ = {isa = PBXFileReference; explicitFileType = wrapper.framework; includeInIndex = 0; path = Pods_Reciplease.framework; sourceTree = BUILT_PRODUCTS_DIR; };
		5D2260B69242D31183607D7E /* Pods-Reciplease.release.xcconfig */ = {isa = PBXFileReference; includeInIndex = 1; lastKnownFileType = text.xcconfig; name = "Pods-Reciplease.release.xcconfig"; path = "Target Support Files/Pods-Reciplease/Pods-Reciplease.release.xcconfig"; sourceTree = "<group>"; };
		92DC032918BBC11FEF7A1DD7 /* Pods_RecipleaseTests.framework */ = {isa = PBXFileReference; explicitFileType = wrapper.framework; includeInIndex = 0; path = Pods_RecipleaseTests.framework; sourceTree = BUILT_PRODUCTS_DIR; };
		96EFCD8F9856DB0A880D2F9F /* Pods-Reciplease.debug.xcconfig */ = {isa = PBXFileReference; includeInIndex = 1; lastKnownFileType = text.xcconfig; name = "Pods-Reciplease.debug.xcconfig"; path = "Target Support Files/Pods-Reciplease/Pods-Reciplease.debug.xcconfig"; sourceTree = "<group>"; };
		9A85B264C922B5AD0625B3AB /* Pods-RecipleaseTests.debug.xcconfig */ = {isa = PBXFileReference; includeInIndex = 1; lastKnownFileType = text.xcconfig; name = "Pods-RecipleaseTests.debug.xcconfig"; path = "Target Support Files/Pods-RecipleaseTests/Pods-RecipleaseTests.debug.xcconfig"; sourceTree = "<group>"; };
		D91EC7E70AC26FFC9A36DBA8 /* Pods-RecipleaseTests.release.xcconfig */ = {isa = PBXFileReference; includeInIndex = 1; lastKnownFileType = text.xcconfig; name = "Pods-RecipleaseTests.release.xcconfig"; path = "Target Support Files/Pods-RecipleaseTests/Pods-RecipleaseTests.release.xcconfig"; sourceTree = "<group>"; };
/* End PBXFileReference section */

/* Begin PBXFrameworksBuildPhase section */
		49B84B822759088900465CAE /* Frameworks */ = {
			isa = PBXFrameworksBuildPhase;
			buildActionMask = 2147483647;
			files = (
				1107E64094AC584BA7508949 /* Pods_Reciplease.framework in Frameworks */,
			);
			runOnlyForDeploymentPostprocessing = 0;
		};
		49B84BA12759098400465CAE /* Frameworks */ = {
			isa = PBXFrameworksBuildPhase;
			buildActionMask = 2147483647;
			files = (
				05D2DA7E205950F93D70942F /* Pods_RecipleaseTests.framework in Frameworks */,
			);
			runOnlyForDeploymentPostprocessing = 0;
		};
/* End PBXFrameworksBuildPhase section */

/* Begin PBXGroup section */
		49B84B7C2759088900465CAE = {
			isa = PBXGroup;
			children = (
				49B84B872759088900465CAE /* Reciplease */,
				49B84BA52759098400465CAE /* RecipleaseTests */,
				49B84B862759088900465CAE /* Products */,
				FA901C9E7BFAB4B5332C1535 /* Pods */,
				F2ED07DE87CF7F76837A2FCE /* Frameworks */,
			);
			sourceTree = "<group>";
		};
		49B84B862759088900465CAE /* Products */ = {
			isa = PBXGroup;
			children = (
				49B84B852759088900465CAE /* Reciplease.app */,
				49B84BA42759098400465CAE /* RecipleaseTests.xctest */,
			);
			name = Products;
			sourceTree = "<group>";
		};
		49B84B872759088900465CAE /* Reciplease */ = {
			isa = PBXGroup;
			children = (
				49B84B9C2759089700465CAE /* Model */,
				49B84B9D275908A500465CAE /* View */,
				49B84B9E275908BA00465CAE /* Controller */,
				49B84B9F275908FB00465CAE /* Suporting Files */,
				4996C73127745E69004E4F2B /* Constants.swift */,
				49B84B962759088A00465CAE /* Info.plist */,
			);
			path = Reciplease;
			sourceTree = "<group>";
		};
		49B84B9C2759089700465CAE /* Model */ = {
			isa = PBXGroup;
			children = (
				49C0D7A82770D5420034CD78 /* NetWorking */,
				49C0D7A72770D5340034CD78 /* Database */,
				49C0D7A62770D52B0034CD78 /* Coredata */,
			);
			path = Model;
			sourceTree = "<group>";
		};
		49B84B9D275908A500465CAE /* View */ = {
			isa = PBXGroup;
			children = (
				49B84B932759088A00465CAE /* LaunchScreen.storyboard */,
				49B84B8E2759088900465CAE /* Main.storyboard */,
				4996C72B27745DEC004E4F2B /* RecipeCell.swift */,
				4996C72D27745E12004E4F2B /* RecipeInfoView.swift */,
				4996C72F27745E3F004E4F2B /* StateView.swift */,
			);
			path = View;
			sourceTree = "<group>";
		};
		49B84B9E275908BA00465CAE /* Controller */ = {
			isa = PBXGroup;
			children = (
				4996C72027745D0A004E4F2B /* DetailViewController.swift */,
				4996C72227745D32004E4F2B /* HomeViewController.swift */,
				4996C72427745D4C004E4F2B /* RecipesListViewController.swift */,
				4996C72627745D81004E4F2B /* StringExtension.swift */,
				4996C72827745DAA004E4F2B /* UIViewControllerExtension.swift */,
			);
			path = Controller;
			sourceTree = "<group>";
		};
		49B84B9F275908FB00465CAE /* Suporting Files */ = {
			isa = PBXGroup;
			children = (
				49B84B912759088A00465CAE /* Assets.xcassets */,
				49B84B882759088900465CAE /* AppDelegate.swift */,
				49B84B8A2759088900465CAE /* SceneDelegate.swift */,
			);
			path = "Suporting Files";
			sourceTree = "<group>";
		};
		49B84BA52759098400465CAE /* RecipleaseTests */ = {
			isa = PBXGroup;
			children = (
				4996C73327745F20004E4F2B /* Recipes.json */,
				494F021C276A16320038B622 /* DatabaseServiceTests.swift */,
				49B84BA62759098400465CAE /* FakeData.swift */,
				494F0224276A17110038B622 /* FakeResponseData.swift */,
				494F021E276A166C0038B622 /* NetworkServiceTests.swift */,
				494F0220276A16A20038B622 /* URLProtocolMock.swift */,
			);
			path = RecipleaseTests;
			sourceTree = "<group>";
		};
		49C0D7A62770D52B0034CD78 /* Coredata */ = {
			isa = PBXGroup;
			children = (
				4996C71D27745CA0004E4F2B /* Reciplease_Project.xcdatamodeld */,
				49C0D7AB2770D5860034CD78 /* Reciplease.swift */,
			);
			path = Coredata;
			sourceTree = "<group>";
		};
		49C0D7A72770D5340034CD78 /* Database */ = {
			isa = PBXGroup;
			children = (
				49C0D7B02770D5C30034CD78 /* DatabaseService.swift */,
			);
			path = Database;
			sourceTree = "<group>";
		};
		49C0D7A82770D5420034CD78 /* NetWorking */ = {
			isa = PBXGroup;
			children = (
				4996C71B27745B4A004E4F2B /* Config.swift */,
				49C0D7B22770D5F60034CD78 /* NetworkServiceRecipe.swift */,
			);
			path = NetWorking;
			sourceTree = "<group>";
		};
		F2ED07DE87CF7F76837A2FCE /* Frameworks */ = {
			isa = PBXGroup;
			children = (
				4FB6075BED6BAF26C9BB9B75 /* Pods_Reciplease.framework */,
				92DC032918BBC11FEF7A1DD7 /* Pods_RecipleaseTests.framework */,
			);
			name = Frameworks;
			sourceTree = "<group>";
		};
		FA901C9E7BFAB4B5332C1535 /* Pods */ = {
			isa = PBXGroup;
			children = (
				96EFCD8F9856DB0A880D2F9F /* Pods-Reciplease.debug.xcconfig */,
				5D2260B69242D31183607D7E /* Pods-Reciplease.release.xcconfig */,
				9A85B264C922B5AD0625B3AB /* Pods-RecipleaseTests.debug.xcconfig */,
				D91EC7E70AC26FFC9A36DBA8 /* Pods-RecipleaseTests.release.xcconfig */,
			);
			path = Pods;
			sourceTree = "<group>";
		};
/* End PBXGroup section */

/* Begin PBXNativeTarget section */
		49B84B842759088900465CAE /* Reciplease */ = {
			isa = PBXNativeTarget;
			buildConfigurationList = 49B84B992759088A00465CAE /* Build configuration list for PBXNativeTarget "Reciplease" */;
			buildPhases = (
				D12FEB062EF5292B79E9A0A5 /* [CP] Check Pods Manifest.lock */,
				49B84B812759088900465CAE /* Sources */,
				49B84B822759088900465CAE /* Frameworks */,
				49B84B832759088900465CAE /* Resources */,
				30030D0E62E9AB0D23C04242 /* [CP] Embed Pods Frameworks */,
			);
			buildRules = (
			);
			dependencies = (
			);
			name = Reciplease;
			productName = Reciplease;
			productReference = 49B84B852759088900465CAE /* Reciplease.app */;
			productType = "com.apple.product-type.application";
		};
		49B84BA32759098400465CAE /* RecipleaseTests */ = {
			isa = PBXNativeTarget;
			buildConfigurationList = 49B84BAA2759098400465CAE /* Build configuration list for PBXNativeTarget "RecipleaseTests" */;
			buildPhases = (
				BA1A9EE6E68331E8B313EBDD /* [CP] Check Pods Manifest.lock */,
				49B84BA02759098400465CAE /* Sources */,
				49B84BA12759098400465CAE /* Frameworks */,
				49B84BA22759098400465CAE /* Resources */,
			);
			buildRules = (
			);
			dependencies = (
				49B84BA92759098400465CAE /* PBXTargetDependency */,
			);
			name = RecipleaseTests;
			productName = RecipleaseTests;
			productReference = 49B84BA42759098400465CAE /* RecipleaseTests.xctest */;
			productType = "com.apple.product-type.bundle.unit-test";
		};
/* End PBXNativeTarget section */

/* Begin PBXProject section */
		49B84B7D2759088900465CAE /* Project object */ = {
			isa = PBXProject;
			attributes = {
				BuildIndependentTargetsInParallel = 1;
				KnownAssetTags = (
					New,
				);
				LastSwiftUpdateCheck = 1310;
				LastUpgradeCheck = 1310;
				TargetAttributes = {
					49B84B842759088900465CAE = {
						CreatedOnToolsVersion = 13.1;
					};
					49B84BA32759098400465CAE = {
						CreatedOnToolsVersion = 13.1;
						TestTargetID = 49B84B842759088900465CAE;
					};
				};
			};
			buildConfigurationList = 49B84B802759088900465CAE /* Build configuration list for PBXProject "Reciplease" */;
			compatibilityVersion = "Xcode 13.0";
			developmentRegion = en;
			hasScannedForEncodings = 0;
			knownRegions = (
				en,
				Base,
			);
			mainGroup = 49B84B7C2759088900465CAE;
			productRefGroup = 49B84B862759088900465CAE /* Products */;
			projectDirPath = "";
			projectRoot = "";
			targets = (
				49B84B842759088900465CAE /* Reciplease */,
				49B84BA32759098400465CAE /* RecipleaseTests */,
			);
		};
/* End PBXProject section */

/* Begin PBXResourcesBuildPhase section */
		49B84B832759088900465CAE /* Resources */ = {
			isa = PBXResourcesBuildPhase;
			buildActionMask = 2147483647;
			files = (
				49B84B952759088A00465CAE /* LaunchScreen.storyboard in Resources */,
				49B84B922759088A00465CAE /* Assets.xcassets in Resources */,
				49B84B902759088900465CAE /* Main.storyboard in Resources */,
			);
			runOnlyForDeploymentPostprocessing = 0;
		};
		49B84BA22759098400465CAE /* Resources */ = {
			isa = PBXResourcesBuildPhase;
			buildActionMask = 2147483647;
			files = (
				4996C73427745F20004E4F2B /* Recipes.json in Resources */,
			);
			runOnlyForDeploymentPostprocessing = 0;
		};
/* End PBXResourcesBuildPhase section */

/* Begin PBXShellScriptBuildPhase section */
		30030D0E62E9AB0D23C04242 /* [CP] Embed Pods Frameworks */ = {
			isa = PBXShellScriptBuildPhase;
			buildActionMask = 2147483647;
			files = (
			);
			inputFileListPaths = (
				"${PODS_ROOT}/Target Support Files/Pods-Reciplease/Pods-Reciplease-frameworks-${CONFIGURATION}-input-files.xcfilelist",
			);
			name = "[CP] Embed Pods Frameworks";
			outputFileListPaths = (
				"${PODS_ROOT}/Target Support Files/Pods-Reciplease/Pods-Reciplease-frameworks-${CONFIGURATION}-output-files.xcfilelist",
			);
			runOnlyForDeploymentPostprocessing = 0;
			shellPath = /bin/sh;
			shellScript = "\"${PODS_ROOT}/Target Support Files/Pods-Reciplease/Pods-Reciplease-frameworks.sh\"\n";
			showEnvVarsInLog = 0;
		};
		BA1A9EE6E68331E8B313EBDD /* [CP] Check Pods Manifest.lock */ = {
			isa = PBXShellScriptBuildPhase;
			buildActionMask = 2147483647;
			files = (
			);
			inputFileListPaths = (
			);
			inputPaths = (
				"${PODS_PODFILE_DIR_PATH}/Podfile.lock",
				"${PODS_ROOT}/Manifest.lock",
			);
			name = "[CP] Check Pods Manifest.lock";
			outputFileListPaths = (
			);
			outputPaths = (
				"$(DERIVED_FILE_DIR)/Pods-RecipleaseTests-checkManifestLockResult.txt",
			);
			runOnlyForDeploymentPostprocessing = 0;
			shellPath = /bin/sh;
			shellScript = "diff \"${PODS_PODFILE_DIR_PATH}/Podfile.lock\" \"${PODS_ROOT}/Manifest.lock\" > /dev/null\nif [ $? != 0 ] ; then\n    # print error to STDERR\n    echo \"error: The sandbox is not in sync with the Podfile.lock. Run 'pod install' or update your CocoaPods installation.\" >&2\n    exit 1\nfi\n# This output is used by Xcode 'outputs' to avoid re-running this script phase.\necho \"SUCCESS\" > \"${SCRIPT_OUTPUT_FILE_0}\"\n";
			showEnvVarsInLog = 0;
		};
		D12FEB062EF5292B79E9A0A5 /* [CP] Check Pods Manifest.lock */ = {
			isa = PBXShellScriptBuildPhase;
			buildActionMask = 2147483647;
			files = (
			);
			inputFileListPaths = (
			);
			inputPaths = (
				"${PODS_PODFILE_DIR_PATH}/Podfile.lock",
				"${PODS_ROOT}/Manifest.lock",
			);
			name = "[CP] Check Pods Manifest.lock";
			outputFileListPaths = (
			);
			outputPaths = (
				"$(DERIVED_FILE_DIR)/Pods-Reciplease-checkManifestLockResult.txt",
			);
			runOnlyForDeploymentPostprocessing = 0;
			shellPath = /bin/sh;
			shellScript = "diff \"${PODS_PODFILE_DIR_PATH}/Podfile.lock\" \"${PODS_ROOT}/Manifest.lock\" > /dev/null\nif [ $? != 0 ] ; then\n    # print error to STDERR\n    echo \"error: The sandbox is not in sync with the Podfile.lock. Run 'pod install' or update your CocoaPods installation.\" >&2\n    exit 1\nfi\n# This output is used by Xcode 'outputs' to avoid re-running this script phase.\necho \"SUCCESS\" > \"${SCRIPT_OUTPUT_FILE_0}\"\n";
			showEnvVarsInLog = 0;
		};
/* End PBXShellScriptBuildPhase section */

/* Begin PBXSourcesBuildPhase section */
		49B84B812759088900465CAE /* Sources */ = {
			isa = PBXSourcesBuildPhase;
			buildActionMask = 2147483647;
			files = (
				4996C72E27745E12004E4F2B /* RecipeInfoView.swift in Sources */,
				4996C73227745E69004E4F2B /* Constants.swift in Sources */,
				4996C72127745D0A004E4F2B /* DetailViewController.swift in Sources */,
				4996C71F27745CA0004E4F2B /* Reciplease_Project.xcdatamodeld in Sources */,
				4996C72C27745DEC004E4F2B /* RecipeCell.swift in Sources */,
				49B84B892759088900465CAE /* AppDelegate.swift in Sources */,
				4996C73027745E3F004E4F2B /* StateView.swift in Sources */,
				4996C71C27745B4A004E4F2B /* Config.swift in Sources */,
				4996C72327745D32004E4F2B /* HomeViewController.swift in Sources */,
				49C0D7B32770D5F60034CD78 /* NetworkServiceRecipe.swift in Sources */,
				49C0D7AC2770D5860034CD78 /* Reciplease.swift in Sources */,
				4996C72727745D81004E4F2B /* StringExtension.swift in Sources */,
				4996C72927745DAA004E4F2B /* UIViewControllerExtension.swift in Sources */,
				49B84B8B2759088900465CAE /* SceneDelegate.swift in Sources */,
				4996C72527745D4C004E4F2B /* RecipesListViewController.swift in Sources */,
				49C0D7B12770D5C30034CD78 /* DatabaseService.swift in Sources */,
			);
			runOnlyForDeploymentPostprocessing = 0;
		};
		49B84BA02759098400465CAE /* Sources */ = {
			isa = PBXSourcesBuildPhase;
			buildActionMask = 2147483647;
			files = (
				49B84BA72759098400465CAE /* FakeData.swift in Sources */,
				494F021F276A166C0038B622 /* NetworkServiceTests.swift in Sources */,
				494F021D276A16320038B622 /* DatabaseServiceTests.swift in Sources */,
				494F0221276A16A20038B622 /* URLProtocolMock.swift in Sources */,
				494F0225276A17110038B622 /* FakeResponseData.swift in Sources */,
			);
			runOnlyForDeploymentPostprocessing = 0;
		};
/* End PBXSourcesBuildPhase section */

/* Begin PBXTargetDependency section */
		49B84BA92759098400465CAE /* PBXTargetDependency */ = {
			isa = PBXTargetDependency;
			target = 49B84B842759088900465CAE /* Reciplease */;
			targetProxy = 49B84BA82759098400465CAE /* PBXContainerItemProxy */;
		};
/* End PBXTargetDependency section */

/* Begin PBXVariantGroup section */
		49B84B8E2759088900465CAE /* Main.storyboard */ = {
			isa = PBXVariantGroup;
			children = (
				49B84B8F2759088900465CAE /* Base */,
			);
			name = Main.storyboard;
			sourceTree = "<group>";
		};
		49B84B932759088A00465CAE /* LaunchScreen.storyboard */ = {
			isa = PBXVariantGroup;
			children = (
				49B84B942759088A00465CAE /* Base */,
			);
			name = LaunchScreen.storyboard;
			sourceTree = "<group>";
		};
/* End PBXVariantGroup section */

/* Begin XCBuildConfiguration section */
		49B84B972759088A00465CAE /* Debug */ = {
			isa = XCBuildConfiguration;
			buildSettings = {
				ALWAYS_SEARCH_USER_PATHS = NO;
				CLANG_ANALYZER_NONNULL = YES;
				CLANG_ANALYZER_NUMBER_OBJECT_CONVERSION = YES_AGGRESSIVE;
				CLANG_CXX_LANGUAGE_STANDARD = "gnu++17";
				CLANG_CXX_LIBRARY = "libc++";
				CLANG_ENABLE_MODULES = YES;
				CLANG_ENABLE_OBJC_ARC = YES;
				CLANG_ENABLE_OBJC_WEAK = YES;
				CLANG_WARN_BLOCK_CAPTURE_AUTORELEASING = YES;
				CLANG_WARN_BOOL_CONVERSION = YES;
				CLANG_WARN_COMMA = YES;
				CLANG_WARN_CONSTANT_CONVERSION = YES;
				CLANG_WARN_DEPRECATED_OBJC_IMPLEMENTATIONS = YES;
				CLANG_WARN_DIRECT_OBJC_ISA_USAGE = YES_ERROR;
				CLANG_WARN_DOCUMENTATION_COMMENTS = YES;
				CLANG_WARN_EMPTY_BODY = YES;
				CLANG_WARN_ENUM_CONVERSION = YES;
				CLANG_WARN_INFINITE_RECURSION = YES;
				CLANG_WARN_INT_CONVERSION = YES;
				CLANG_WARN_NON_LITERAL_NULL_CONVERSION = YES;
				CLANG_WARN_OBJC_IMPLICIT_RETAIN_SELF = YES;
				CLANG_WARN_OBJC_LITERAL_CONVERSION = YES;
				CLANG_WARN_OBJC_ROOT_CLASS = YES_ERROR;
				CLANG_WARN_QUOTED_INCLUDE_IN_FRAMEWORK_HEADER = YES;
				CLANG_WARN_RANGE_LOOP_ANALYSIS = YES;
				CLANG_WARN_STRICT_PROTOTYPES = YES;
				CLANG_WARN_SUSPICIOUS_MOVE = YES;
				CLANG_WARN_UNGUARDED_AVAILABILITY = YES_AGGRESSIVE;
				CLANG_WARN_UNREACHABLE_CODE = YES;
				CLANG_WARN__DUPLICATE_METHOD_MATCH = YES;
				COPY_PHASE_STRIP = NO;
				DEBUG_INFORMATION_FORMAT = dwarf;
				ENABLE_STRICT_OBJC_MSGSEND = YES;
				ENABLE_TESTABILITY = YES;
				GCC_C_LANGUAGE_STANDARD = gnu11;
				GCC_DYNAMIC_NO_PIC = NO;
				GCC_NO_COMMON_BLOCKS = YES;
				GCC_OPTIMIZATION_LEVEL = 0;
				GCC_PREPROCESSOR_DEFINITIONS = (
					"DEBUG=1",
					"$(inherited)",
				);
				GCC_WARN_64_TO_32_BIT_CONVERSION = YES;
				GCC_WARN_ABOUT_RETURN_TYPE = YES_ERROR;
				GCC_WARN_UNDECLARED_SELECTOR = YES;
				GCC_WARN_UNINITIALIZED_AUTOS = YES_AGGRESSIVE;
				GCC_WARN_UNUSED_FUNCTION = YES;
				GCC_WARN_UNUSED_VARIABLE = YES;
				IPHONEOS_DEPLOYMENT_TARGET = 15.0;
				MTL_ENABLE_DEBUG_INFO = INCLUDE_SOURCE;
				MTL_FAST_MATH = YES;
				ONLY_ACTIVE_ARCH = YES;
				SDKROOT = iphoneos;
				SWIFT_ACTIVE_COMPILATION_CONDITIONS = DEBUG;
				SWIFT_OPTIMIZATION_LEVEL = "-Onone";
			};
			name = Debug;
		};
		49B84B982759088A00465CAE /* Release */ = {
			isa = XCBuildConfiguration;
			buildSettings = {
				ALWAYS_SEARCH_USER_PATHS = NO;
				CLANG_ANALYZER_NONNULL = YES;
				CLANG_ANALYZER_NUMBER_OBJECT_CONVERSION = YES_AGGRESSIVE;
				CLANG_CXX_LANGUAGE_STANDARD = "gnu++17";
				CLANG_CXX_LIBRARY = "libc++";
				CLANG_ENABLE_MODULES = YES;
				CLANG_ENABLE_OBJC_ARC = YES;
				CLANG_ENABLE_OBJC_WEAK = YES;
				CLANG_WARN_BLOCK_CAPTURE_AUTORELEASING = YES;
				CLANG_WARN_BOOL_CONVERSION = YES;
				CLANG_WARN_COMMA = YES;
				CLANG_WARN_CONSTANT_CONVERSION = YES;
				CLANG_WARN_DEPRECATED_OBJC_IMPLEMENTATIONS = YES;
				CLANG_WARN_DIRECT_OBJC_ISA_USAGE = YES_ERROR;
				CLANG_WARN_DOCUMENTATION_COMMENTS = YES;
				CLANG_WARN_EMPTY_BODY = YES;
				CLANG_WARN_ENUM_CONVERSION = YES;
				CLANG_WARN_INFINITE_RECURSION = YES;
				CLANG_WARN_INT_CONVERSION = YES;
				CLANG_WARN_NON_LITERAL_NULL_CONVERSION = YES;
				CLANG_WARN_OBJC_IMPLICIT_RETAIN_SELF = YES;
				CLANG_WARN_OBJC_LITERAL_CONVERSION = YES;
				CLANG_WARN_OBJC_ROOT_CLASS = YES_ERROR;
				CLANG_WARN_QUOTED_INCLUDE_IN_FRAMEWORK_HEADER = YES;
				CLANG_WARN_RANGE_LOOP_ANALYSIS = YES;
				CLANG_WARN_STRICT_PROTOTYPES = YES;
				CLANG_WARN_SUSPICIOUS_MOVE = YES;
				CLANG_WARN_UNGUARDED_AVAILABILITY = YES_AGGRESSIVE;
				CLANG_WARN_UNREACHABLE_CODE = YES;
				CLANG_WARN__DUPLICATE_METHOD_MATCH = YES;
				COPY_PHASE_STRIP = NO;
				DEBUG_INFORMATION_FORMAT = "dwarf-with-dsym";
				ENABLE_NS_ASSERTIONS = NO;
				ENABLE_STRICT_OBJC_MSGSEND = YES;
				GCC_C_LANGUAGE_STANDARD = gnu11;
				GCC_NO_COMMON_BLOCKS = YES;
				GCC_WARN_64_TO_32_BIT_CONVERSION = YES;
				GCC_WARN_ABOUT_RETURN_TYPE = YES_ERROR;
				GCC_WARN_UNDECLARED_SELECTOR = YES;
				GCC_WARN_UNINITIALIZED_AUTOS = YES_AGGRESSIVE;
				GCC_WARN_UNUSED_FUNCTION = YES;
				GCC_WARN_UNUSED_VARIABLE = YES;
				IPHONEOS_DEPLOYMENT_TARGET = 15.0;
				MTL_ENABLE_DEBUG_INFO = NO;
				MTL_FAST_MATH = YES;
				SDKROOT = iphoneos;
				SWIFT_COMPILATION_MODE = wholemodule;
				SWIFT_OPTIMIZATION_LEVEL = "-O";
				VALIDATE_PRODUCT = YES;
			};
			name = Release;
		};
		49B84B9A2759088A00465CAE /* Debug */ = {
			isa = XCBuildConfiguration;
			baseConfigurationReference = 96EFCD8F9856DB0A880D2F9F /* Pods-Reciplease.debug.xcconfig */;
			buildSettings = {
				ASSETCATALOG_COMPILER_APPICON_NAME = AppIcon;
				ASSETCATALOG_COMPILER_GLOBAL_ACCENT_COLOR_NAME = AccentColor;
				CODE_SIGN_STYLE = Automatic;
				CURRENT_PROJECT_VERSION = 1;
				DEVELOPMENT_TEAM = NG7UFN6T72;
				GENERATE_INFOPLIST_FILE = YES;
				INFOPLIST_FILE = Reciplease/Info.plist;
				INFOPLIST_KEY_UIApplicationSupportsIndirectInputEvents = YES;
				INFOPLIST_KEY_UILaunchStoryboardName = LaunchScreen;
				INFOPLIST_KEY_UIMainStoryboardFile = Main;
				INFOPLIST_KEY_UISupportedInterfaceOrientations_iPad = "UIInterfaceOrientationPortrait UIInterfaceOrientationPortraitUpsideDown UIInterfaceOrientationLandscapeLeft UIInterfaceOrientationLandscapeRight";
				INFOPLIST_KEY_UISupportedInterfaceOrientations_iPhone = "UIInterfaceOrientationPortrait UIInterfaceOrientationLandscapeLeft UIInterfaceOrientationLandscapeRight";
				IPHONEOS_DEPLOYMENT_TARGET = 15.0;
				LD_RUNPATH_SEARCH_PATHS = (
					"$(inherited)",
					"@executable_path/Frameworks",
				);
				MARKETING_VERSION = 1.0;
				PRODUCT_BUNDLE_IDENTIFIER = kiefferlea.Reciplease;
				PRODUCT_NAME = "$(TARGET_NAME)";
				SWIFT_EMIT_LOC_STRINGS = YES;
				SWIFT_VERSION = 5.0;
				TARGETED_DEVICE_FAMILY = 1;
			};
			name = Debug;
		};
		49B84B9B2759088A00465CAE /* Release */ = {
			isa = XCBuildConfiguration;
			baseConfigurationReference = 5D2260B69242D31183607D7E /* Pods-Reciplease.release.xcconfig */;
			buildSettings = {
				ASSETCATALOG_COMPILER_APPICON_NAME = AppIcon;
				ASSETCATALOG_COMPILER_GLOBAL_ACCENT_COLOR_NAME = AccentColor;
				CODE_SIGN_STYLE = Automatic;
				CURRENT_PROJECT_VERSION = 1;
				DEVELOPMENT_TEAM = NG7UFN6T72;
				GENERATE_INFOPLIST_FILE = YES;
				INFOPLIST_FILE = Reciplease/Info.plist;
				INFOPLIST_KEY_UIApplicationSupportsIndirectInputEvents = YES;
				INFOPLIST_KEY_UILaunchStoryboardName = LaunchScreen;
				INFOPLIST_KEY_UIMainStoryboardFile = Main;
				INFOPLIST_KEY_UISupportedInterfaceOrientations_iPad = "UIInterfaceOrientationPortrait UIInterfaceOrientationPortraitUpsideDown UIInterfaceOrientationLandscapeLeft UIInterfaceOrientationLandscapeRight";
				INFOPLIST_KEY_UISupportedInterfaceOrientations_iPhone = "UIInterfaceOrientationPortrait UIInterfaceOrientationLandscapeLeft UIInterfaceOrientationLandscapeRight";
				IPHONEOS_DEPLOYMENT_TARGET = 15.0;
				LD_RUNPATH_SEARCH_PATHS = (
					"$(inherited)",
					"@executable_path/Frameworks",
				);
				MARKETING_VERSION = 1.0;
				PRODUCT_BUNDLE_IDENTIFIER = kiefferlea.Reciplease;
				PRODUCT_NAME = "$(TARGET_NAME)";
				SWIFT_EMIT_LOC_STRINGS = YES;
				SWIFT_VERSION = 5.0;
				TARGETED_DEVICE_FAMILY = 1;
			};
			name = Release;
		};
		49B84BAB2759098400465CAE /* Debug */ = {
			isa = XCBuildConfiguration;
			baseConfigurationReference = 9A85B264C922B5AD0625B3AB /* Pods-RecipleaseTests.debug.xcconfig */;
			buildSettings = {
				BUNDLE_LOADER = "$(TEST_HOST)";
				CODE_SIGN_STYLE = Automatic;
				CURRENT_PROJECT_VERSION = 1;
				DEVELOPMENT_TEAM = NG7UFN6T72;
				GENERATE_INFOPLIST_FILE = YES;
				LD_RUNPATH_SEARCH_PATHS = (
					"$(inherited)",
					"@executable_path/Frameworks",
					"@loader_path/Frameworks",
				);
				MARKETING_VERSION = 1.0;
				PRODUCT_BUNDLE_IDENTIFIER = kiefferlea.RecipleaseTests;
				PRODUCT_NAME = "$(TARGET_NAME)";
				SWIFT_EMIT_LOC_STRINGS = NO;
				SWIFT_VERSION = 5.0;
				TARGETED_DEVICE_FAMILY = "1,2";
				TEST_HOST = "$(BUILT_PRODUCTS_DIR)/Reciplease.app/Reciplease";
			};
			name = Debug;
		};
		49B84BAC2759098400465CAE /* Release */ = {
			isa = XCBuildConfiguration;
			baseConfigurationReference = D91EC7E70AC26FFC9A36DBA8 /* Pods-RecipleaseTests.release.xcconfig */;
			buildSettings = {
				BUNDLE_LOADER = "$(TEST_HOST)";
				CODE_SIGN_STYLE = Automatic;
				CURRENT_PROJECT_VERSION = 1;
				DEVELOPMENT_TEAM = NG7UFN6T72;
				GENERATE_INFOPLIST_FILE = YES;
				LD_RUNPATH_SEARCH_PATHS = (
					"$(inherited)",
					"@executable_path/Frameworks",
					"@loader_path/Frameworks",
				);
				MARKETING_VERSION = 1.0;
				PRODUCT_BUNDLE_IDENTIFIER = kiefferlea.RecipleaseTests;
				PRODUCT_NAME = "$(TARGET_NAME)";
				SWIFT_EMIT_LOC_STRINGS = NO;
				SWIFT_VERSION = 5.0;
				TARGETED_DEVICE_FAMILY = "1,2";
				TEST_HOST = "$(BUILT_PRODUCTS_DIR)/Reciplease.app/Reciplease";
			};
			name = Release;
		};
/* End XCBuildConfiguration section */

/* Begin XCConfigurationList section */
		49B84B802759088900465CAE /* Build configuration list for PBXProject "Reciplease" */ = {
			isa = XCConfigurationList;
			buildConfigurations = (
				49B84B972759088A00465CAE /* Debug */,
				49B84B982759088A00465CAE /* Release */,
			);
			defaultConfigurationIsVisible = 0;
			defaultConfigurationName = Release;
		};
		49B84B992759088A00465CAE /* Build configuration list for PBXNativeTarget "Reciplease" */ = {
			isa = XCConfigurationList;
			buildConfigurations = (
				49B84B9A2759088A00465CAE /* Debug */,
				49B84B9B2759088A00465CAE /* Release */,
			);
			defaultConfigurationIsVisible = 0;
			defaultConfigurationName = Release;
		};
		49B84BAA2759098400465CAE /* Build configuration list for PBXNativeTarget "RecipleaseTests" */ = {
			isa = XCConfigurationList;
			buildConfigurations = (
				49B84BAB2759098400465CAE /* Debug */,
				49B84BAC2759098400465CAE /* Release */,
			);
			defaultConfigurationIsVisible = 0;
			defaultConfigurationName = Release;
		};
/* End XCConfigurationList section */

/* Begin XCVersionGroup section */
		4996C71D27745CA0004E4F2B /* Reciplease_Project.xcdatamodeld */ = {
			isa = XCVersionGroup;
			children = (
				4996C71E27745CA0004E4F2B /* Reciplease_Project.xcdatamodel */,
			);
			currentVersion = 4996C71E27745CA0004E4F2B /* Reciplease_Project.xcdatamodel */;
			path = Reciplease_Project.xcdatamodeld;
			sourceTree = "<group>";
			versionGroupType = wrapper.xcdatamodel;
		};
/* End XCVersionGroup section */
	};
	rootObject = 49B84B7D2759088900465CAE /* Project object */;
}
